{
    "_meta": {
        "hash": {
            "sha256": "b4818caf6d3ae4374ad0ccbbb21e46329791039a1996eee8cd4df839eec7e2ef"
        },
        "pipfile-spec": 6,
        "requires": {
            "python_version": "3.7"
        },
        "sources": [
            {
                "name": "pypi",
                "url": "https://pypi.org/simple",
                "verify_ssl": true
            }
        ]
    },
    "default": {
        "django": {
            "hashes": [
                "sha256:79c6cfbc76a4612efc8a80d0094b96f50cb2aa654b2b2b530a4e707fa2985b4b",
                "sha256:7a28a4eb0167eba491ccfafd7006843b5cdd26d8c93b955a74c2ea74f94efc2c"
            ],
            "index": "pypi",
            "version": "==2.1.13"
        },
        "pytz": {
            "hashes": [
                "sha256:1c557d7d0e871de1f5ccd5833f60fb2550652da6be2693c1e02300743d21500d",
                "sha256:b02c06db6cf09c12dd25137e563b31700d3b80fcc4ad23abb7a315f2789819be"
            ],
            "version": "==2019.3"
        }
    },
    "develop": {}
}
